
Microsoft Visual Studio Solution File, Format Version 12.00
# Visual Studio 15
VisualStudioVersion = 15.0.27004.2008
MinimumVisualStudioVersion = 10.0.40219.1
Project("{FAE04EC0-301F-11D3-BF4B-00C04F79EFBC}") = "WinEx.Console.Test", "WinEx.Console.Test.csproj", "{F46F0C11-4547-40AF-AA09-343F18EA362B}"
EndProject
Global
	GlobalSection(SolutionConfigurationPlatforms) = preSolution
		Debug|Any CPU = Debug|Any CPU
		Release|Any CPU = Release|Any CPU
	EndGlobalSection
	GlobalSection(ProjectConfigurationPlatforms) = postSolution
		{F46F0C11-4547-40AF-AA09-343F18EA362B}.Debug|Any CPU.ActiveCfg = Debug|Any CPU
		{F46F0C11-4547-40AF-AA09-343F18EA362B}.Debug|Any CPU.Build.0 = Debug|Any CPU
		{F46F0C11-4547-40AF-AA09-343F18EA362B}.Release|Any CPU.ActiveCfg = Release|Any CPU
		{F46F0C11-4547-40AF-AA09-343F18EA362B}.Release|Any CPU.Build.0 = Release|Any CPU
	EndGlobalSection
	GlobalSection(SolutionProperties) = preSolution
		HideSolutionNode = FALSE
	EndGlobalSection
	GlobalSection(ExtensibilityGlobals) = postSolution
		SolutionGuid = {A0C5E0BB-265F-49FF-B241-5BF910DD3397}
	EndGlobalSection
EndGlobal
